
Microsoft Visual Studio Solution File, Format Version 12.00
# Visual Studio 15
VisualStudioVersion = 15.0.27703.2000
MinimumVisualStudioVersion = 10.0.40219.1
Project("{FAE04EC0-301F-11D3-BF4B-00C04F79EFBC}") = "SortingAlgorithms", "SortingAlgorithms\SortingAlgorithms.csproj", "{D72BC764-1E0D-4485-BEB7-B51C2C08832F}"
EndProject
Project("{FAE04EC0-301F-11D3-BF4B-00C04F79EFBC}") = "SortingAlgorithmsUnitTests", "SortingAlgorithmsUnitTests\SortingAlgorithmsUnitTests.csproj", "{3B97AFD4-EECE-4299-9CAF-6A655DADB7D1}"
EndProject
Global
	GlobalSection(SolutionConfigurationPlatforms) = preSolution
		Debug|Any CPU = Debug|Any CPU
		Release|Any CPU = Release|Any CPU
	EndGlobalSection
	GlobalSection(ProjectConfigurationPlatforms) = postSolution
		{D72BC764-1E0D-4485-BEB7-B51C2C08832F}.Debug|Any CPU.ActiveCfg = Debug|Any CPU
		{D72BC764-1E0D-4485-BEB7-B51C2C08832F}.Debug|Any CPU.Build.0 = Debug|Any CPU
		{D72BC764-1E0D-4485-BEB7-B51C2C08832F}.Release|Any CPU.ActiveCfg = Release|Any CPU
		{D72BC764-1E0D-4485-BEB7-B51C2C08832F}.Release|Any CPU.Build.0 = Release|Any CPU
		{3B97AFD4-EECE-4299-9CAF-6A655DADB7D1}.Debug|Any CPU.ActiveCfg = Debug|Any CPU
		{3B97AFD4-EECE-4299-9CAF-6A655DADB7D1}.Debug|Any CPU.Build.0 = Debug|Any CPU
		{3B97AFD4-EECE-4299-9CAF-6A655DADB7D1}.Release|Any CPU.ActiveCfg = Release|Any CPU
		{3B97AFD4-EECE-4299-9CAF-6A655DADB7D1}.Release|Any CPU.Build.0 = Release|Any CPU
	EndGlobalSection
	GlobalSection(SolutionProperties) = preSolution
		HideSolutionNode = FALSE
	EndGlobalSection
	GlobalSection(ExtensibilityGlobals) = postSolution
		SolutionGuid = {56CB6E0E-387F-40A7-A36B-4F26F6B1E63D}
	EndGlobalSection
EndGlobal
